
Microsoft Visual Studio Solution File, Format Version 12.00
# Visual Studio Version 16
VisualStudioVersion = 16.0.30204.135
MinimumVisualStudioVersion = 10.0.40219.1
Project("{FAE04EC0-301F-11D3-BF4B-00C04F79EFBC}") = "RMGQL.API", "RMGQL.API\RMGQL.API.csproj", "{D38A1CE2-E691-4814-9892-EA96D498D820}"
EndProject
Global
	GlobalSection(SolutionConfigurationPlatforms) = preSolution
		Debug|Any CPU = Debug|Any CPU
		Release|Any CPU = Release|Any CPU
	EndGlobalSection
	GlobalSection(ProjectConfigurationPlatforms) = postSolution
		{D38A1CE2-E691-4814-9892-EA96D498D820}.Debug|Any CPU.ActiveCfg = Debug|Any CPU
		{D38A1CE2-E691-4814-9892-EA96D498D820}.Debug|Any CPU.Build.0 = Debug|Any CPU
		{D38A1CE2-E691-4814-9892-EA96D498D820}.Release|Any CPU.ActiveCfg = Release|Any CPU
		{D38A1CE2-E691-4814-9892-EA96D498D820}.Release|Any CPU.Build.0 = Release|Any CPU
	EndGlobalSection
	GlobalSection(SolutionProperties) = preSolution
		HideSolutionNode = FALSE
	EndGlobalSection
	GlobalSection(ExtensibilityGlobals) = postSolution
		SolutionGuid = {C80E42E5-3B73-4A6C-8BE3-FAB5249FC1DD}
	EndGlobalSection
EndGlobal
